
Microsoft Visual Studio Solution File, Format Version 12.00
# Visual Studio Version 16
VisualStudioVersion = 16.0.30011.22
MinimumVisualStudioVersion = 10.0.40219.1
Project("{FAE04EC0-301F-11D3-BF4B-00C04F79EFBC}") = "ConwayGameOfLife", "ConwayGameOfLife\ConwayGameOfLife.csproj", "{A9F1B430-FC21-445A-A9AB-EE9C8056938E}"
EndProject
Global
	GlobalSection(SolutionConfigurationPlatforms) = preSolution
		Debug|Any CPU = Debug|Any CPU
		Release|Any CPU = Release|Any CPU
	EndGlobalSection
	GlobalSection(ProjectConfigurationPlatforms) = postSolution
		{A9F1B430-FC21-445A-A9AB-EE9C8056938E}.Debug|Any CPU.ActiveCfg = Debug|Any CPU
		{A9F1B430-FC21-445A-A9AB-EE9C8056938E}.Debug|Any CPU.Build.0 = Debug|Any CPU
		{A9F1B430-FC21-445A-A9AB-EE9C8056938E}.Release|Any CPU.ActiveCfg = Release|Any CPU
		{A9F1B430-FC21-445A-A9AB-EE9C8056938E}.Release|Any CPU.Build.0 = Release|Any CPU
	EndGlobalSection
	GlobalSection(SolutionProperties) = preSolution
		HideSolutionNode = FALSE
	EndGlobalSection
	GlobalSection(ExtensibilityGlobals) = postSolution
		SolutionGuid = {62906A7D-25AA-4E80-B2B4-85E37757CAF5}
	EndGlobalSection
EndGlobal
